
Microsoft Visual Studio Solution File, Format Version 12.00
# Visual Studio Version 17
VisualStudioVersion = 17.0.31903.59
MinimumVisualStudioVersion = 10.0.40219.1
Project("{2150E333-8FDC-42A3-9474-1A3956D46DE8}") = "src", "src", "{827E0CD3-B72D-47B6-A68D-7590B98EB39B}"
EndProject
Project("{FAE04EC0-301F-11D3-BF4B-00C04F79EFBC}") = "ProjectTracker.Api", "src\ProjectTracker.Api\ProjectTracker.Api.csproj", "{12DE354B-F918-40B3-84D1-65DEB9B487E3}"
EndProject
Project("{FAE04EC0-301F-11D3-BF4B-00C04F79EFBC}") = "ProjectTracker.Core", "src\ProjectTracker.Core\ProjectTracker.Core.csproj", "{921F6F71-8D02-419D-990E-DD9E4309A148}"
EndProject
Project("{FAE04EC0-301F-11D3-BF4B-00C04F79EFBC}") = "ProjectTracker.Contracts", "src\ProjectTracker.Contracts\ProjectTracker.Contracts.csproj", "{7C5C1EA8-DBA6-438A-9F63-B4AAEFCB91A1}"
EndProject
Project("{FAE04EC0-301F-11D3-BF4B-00C04F79EFBC}") = "ProjectTracker.Infrastructure", "src\ProjectTracker.Infrastructure\ProjectTracker.Infrastructure.csproj", "{060FA1AC-5AD6-4AD8-8DBA-2672A4988A73}"
EndProject
Global
	GlobalSection(SolutionConfigurationPlatforms) = preSolution
		Debug|Any CPU = Debug|Any CPU
		Debug|x64 = Debug|x64
		Debug|x86 = Debug|x86
		Release|Any CPU = Release|Any CPU
		Release|x64 = Release|x64
		Release|x86 = Release|x86
	EndGlobalSection
	GlobalSection(ProjectConfigurationPlatforms) = postSolution
		{12DE354B-F918-40B3-84D1-65DEB9B487E3}.Debug|Any CPU.ActiveCfg = Debug|Any CPU
		{12DE354B-F918-40B3-84D1-65DEB9B487E3}.Debug|Any CPU.Build.0 = Debug|Any CPU
		{12DE354B-F918-40B3-84D1-65DEB9B487E3}.Debug|x64.ActiveCfg = Debug|Any CPU
		{12DE354B-F918-40B3-84D1-65DEB9B487E3}.Debug|x64.Build.0 = Debug|Any CPU
		{12DE354B-F918-40B3-84D1-65DEB9B487E3}.Debug|x86.ActiveCfg = Debug|Any CPU
		{12DE354B-F918-40B3-84D1-65DEB9B487E3}.Debug|x86.Build.0 = Debug|Any CPU
		{12DE354B-F918-40B3-84D1-65DEB9B487E3}.Release|Any CPU.ActiveCfg = Release|Any CPU
		{12DE354B-F918-40B3-84D1-65DEB9B487E3}.Release|Any CPU.Build.0 = Release|Any CPU
		{12DE354B-F918-40B3-84D1-65DEB9B487E3}.Release|x64.ActiveCfg = Release|Any CPU
		{12DE354B-F918-40B3-84D1-65DEB9B487E3}.Release|x64.Build.0 = Release|Any CPU
		{12DE354B-F918-40B3-84D1-65DEB9B487E3}.Release|x86.ActiveCfg = Release|Any CPU
		{12DE354B-F918-40B3-84D1-65DEB9B487E3}.Release|x86.Build.0 = Release|Any CPU
		{921F6F71-8D02-419D-990E-DD9E4309A148}.Debug|Any CPU.ActiveCfg = Debug|Any CPU
		{921F6F71-8D02-419D-990E-DD9E4309A148}.Debug|Any CPU.Build.0 = Debug|Any CPU
		{921F6F71-8D02-419D-990E-DD9E4309A148}.Debug|x64.ActiveCfg = Debug|Any CPU
		{921F6F71-8D02-419D-990E-DD9E4309A148}.Debug|x64.Build.0 = Debug|Any CPU
		{921F6F71-8D02-419D-990E-DD9E4309A148}.Debug|x86.ActiveCfg = Debug|Any CPU
		{921F6F71-8D02-419D-990E-DD9E4309A148}.Debug|x86.Build.0 = Debug|Any CPU
		{921F6F71-8D02-419D-990E-DD9E4309A148}.Release|Any CPU.ActiveCfg = Release|Any CPU
		{921F6F71-8D02-419D-990E-DD9E4309A148}.Release|Any CPU.Build.0 = Release|Any CPU
		{921F6F71-8D02-419D-990E-DD9E4309A148}.Release|x64.ActiveCfg = Release|Any CPU
		{921F6F71-8D02-419D-990E-DD9E4309A148}.Release|x64.Build.0 = Release|Any CPU
		{921F6F71-8D02-419D-990E-DD9E4309A148}.Release|x86.ActiveCfg = Release|Any CPU
		{921F6F71-8D02-419D-990E-DD9E4309A148}.Release|x86.Build.0 = Release|Any CPU
		{7C5C1EA8-DBA6-438A-9F63-B4AAEFCB91A1}.Debug|Any CPU.ActiveCfg = Debug|Any CPU
		{7C5C1EA8-DBA6-438A-9F63-B4AAEFCB91A1}.Debug|Any CPU.Build.0 = Debug|Any CPU
		{7C5C1EA8-DBA6-438A-9F63-B4AAEFCB91A1}.Debug|x64.ActiveCfg = Debug|Any CPU
		{7C5C1EA8-DBA6-438A-9F63-B4AAEFCB91A1}.Debug|x64.Build.0 = Debug|Any CPU
		{7C5C1EA8-DBA6-438A-9F63-B4AAEFCB91A1}.Debug|x86.ActiveCfg = Debug|Any CPU
		{7C5C1EA8-DBA6-438A-9F63-B4AAEFCB91A1}.Debug|x86.Build.0 = Debug|Any CPU
		{7C5C1EA8-DBA6-438A-9F63-B4AAEFCB91A1}.Release|Any CPU.ActiveCfg = Release|Any CPU
		{7C5C1EA8-DBA6-438A-9F63-B4AAEFCB91A1}.Release|Any CPU.Build.0 = Release|Any CPU
		{7C5C1EA8-DBA6-438A-9F63-B4AAEFCB91A1}.Release|x64.ActiveCfg = Release|Any CPU
		{7C5C1EA8-DBA6-438A-9F63-B4AAEFCB91A1}.Release|x64.Build.0 = Release|Any CPU
		{7C5C1EA8-DBA6-438A-9F63-B4AAEFCB91A1}.Release|x86.ActiveCfg = Release|Any CPU
		{7C5C1EA8-DBA6-438A-9F63-B4AAEFCB91A1}.Release|x86.Build.0 = Release|Any CPU
		{060FA1AC-5AD6-4AD8-8DBA-2672A4988A73}.Debug|Any CPU.ActiveCfg = Debug|Any CPU
		{060FA1AC-5AD6-4AD8-8DBA-2672A4988A73}.Debug|Any CPU.Build.0 = Debug|Any CPU
		{060FA1AC-5AD6-4AD8-8DBA-2672A4988A73}.Debug|x64.ActiveCfg = Debug|Any CPU
		{060FA1AC-5AD6-4AD8-8DBA-2672A4988A73}.Debug|x64.Build.0 = Debug|Any CPU
		{060FA1AC-5AD6-4AD8-8DBA-2672A4988A73}.Debug|x86.ActiveCfg = Debug|Any CPU
		{060FA1AC-5AD6-4AD8-8DBA-2672A4988A73}.Debug|x86.Build.0 = Debug|Any CPU
		{060FA1AC-5AD6-4AD8-8DBA-2672A4988A73}.Release|Any CPU.ActiveCfg = Release|Any CPU
		{060FA1AC-5AD6-4AD8-8DBA-2672A4988A73}.Release|Any CPU.Build.0 = Release|Any CPU
		{060FA1AC-5AD6-4AD8-8DBA-2672A4988A73}.Release|x64.ActiveCfg = Release|Any CPU
		{060FA1AC-5AD6-4AD8-8DBA-2672A4988A73}.Release|x64.Build.0 = Release|Any CPU
		{060FA1AC-5AD6-4AD8-8DBA-2672A4988A73}.Release|x86.ActiveCfg = Release|Any CPU
		{060FA1AC-5AD6-4AD8-8DBA-2672A4988A73}.Release|x86.Build.0 = Release|Any CPU
	EndGlobalSection
	GlobalSection(SolutionProperties) = preSolution
		HideSolutionNode = FALSE
	EndGlobalSection
	GlobalSection(NestedProjects) = preSolution
		{12DE354B-F918-40B3-84D1-65DEB9B487E3} = {827E0CD3-B72D-47B6-A68D-7590B98EB39B}
		{921F6F71-8D02-419D-990E-DD9E4309A148} = {827E0CD3-B72D-47B6-A68D-7590B98EB39B}
		{7C5C1EA8-DBA6-438A-9F63-B4AAEFCB91A1} = {827E0CD3-B72D-47B6-A68D-7590B98EB39B}
		{060FA1AC-5AD6-4AD8-8DBA-2672A4988A73} = {827E0CD3-B72D-47B6-A68D-7590B98EB39B}
	EndGlobalSection
EndGlobal
